{
  "name": "@njiruclinton/pineart",
  "version": "1.0.0",
  "lockfileVersion": 2,
  "requires": true,
  "packages": {
    "": {
      "name": "@njiruclinton/pineart",
      "version": "1.0.0",
      "license": "ISC",
      "dependencies": {
        "@njiruclinton/pineart": "^1.0.0",
        "pineart": "^1.0.0"
      }
    },
    "node_modules/@njiruclinton/pineart": {
      "version": "1.0.0",
      "resolved": "https://registry.npmjs.org/@njiruclinton/pineart/-/pineart-1.0.0.tgz",
      "integrity": "sha512-9wnF1JsOUBNWMHtFAyc/WmBhnSjnwXMXCQvIQEeL3t/FhTmi65PQ1IYjX0zx2F1QyvXn8a+FFZuAozoH0+ZMiA==",
      "dependencies": {
        "pineart": "^1.0.0"
      }
    },
    "node_modules/pineart": {
      "version": "1.0.0",
      "resolved": "https://registry.npmjs.org/pineart/-/pineart-1.0.0.tgz",
      "integrity": "sha512-pFpv7nr1DzIeYj/XGkMI//38MtE56C3xvHoRUFHqgs1lf4ZMWdf9iFrMs7GqRUiF14wZDPhqjKvTqh/5JHqkgw=="
    }
  },
  "dependencies": {
    "@njiruclinton/pineart": {
      "version": "1.0.0",
      "resolved": "https://registry.npmjs.org/@njiruclinton/pineart/-/pineart-1.0.0.tgz",
      "integrity": "sha512-9wnF1JsOUBNWMHtFAyc/WmBhnSjnwXMXCQvIQEeL3t/FhTmi65PQ1IYjX0zx2F1QyvXn8a+FFZuAozoH0+ZMiA==",
      "requires": {
        "pineart": "^1.0.0"
      }
    },
    "pineart": {
      "version": "1.0.0",
      "resolved": "https://registry.npmjs.org/pineart/-/pineart-1.0.0.tgz",
      "integrity": "sha512-pFpv7nr1DzIeYj/XGkMI//38MtE56C3xvHoRUFHqgs1lf4ZMWdf9iFrMs7GqRUiF14wZDPhqjKvTqh/5JHqkgw=="
    }
  }
}
